
Microsoft Visual Studio Solution File, Format Version 12.00
# Visual Studio Version 17
VisualStudioVersion = 17.13.35913.81
MinimumVisualStudioVersion = 10.0.40219.1
Project("{FAE04EC0-301F-11D3-BF4B-00C04F79EFBC}") = "lib_dominio", "lib_dominio\lib_dominio.csproj", "{86A8AEF4-AFDA-4DC3-831F-D35487D9932D}"
EndProject
Project("{2150E333-8FDC-42A3-9474-1A3956D46DE8}") = "1. Presentacion", "1. Presentacion", "{02EA681E-C7D8-13C7-8484-4AC65E1B71E8}"
EndProject
Project("{2150E333-8FDC-42A3-9474-1A3956D46DE8}") = "2. Servicios", "2. Servicios", "{28CF2AD1-6264-49E6-9A86-19508B590C5F}"
EndProject
Project("{2150E333-8FDC-42A3-9474-1A3956D46DE8}") = "3. Nucleo", "3. Nucleo", "{C01BD4A8-92BF-4119-A7D6-AAAF1535914C}"
EndProject
Project("{2150E333-8FDC-42A3-9474-1A3956D46DE8}") = "4. Pruebas Unitarias", "4. Pruebas Unitarias", "{4E89DD16-64A6-4CD8-80F2-EC7899D1B4C5}"
EndProject
Project("{FAE04EC0-301F-11D3-BF4B-00C04F79EFBC}") = "lib_repositorios", "lib_repositorios\lib_repositorios.csproj", "{2A46C0D4-A3E1-4BD8-8183-FD2656AC991A}"
EndProject
Project("{FAE04EC0-301F-11D3-BF4B-00C04F79EFBC}") = "ut_presentacion", "ut_presentacion\ut_presentacion.csproj", "{DBAEF232-8B4A-4177-8007-1C9C39531685}"
EndProject
Project("{FAE04EC0-301F-11D3-BF4B-00C04F79EFBC}") = "lib_aplicaciones", "lib_aplicaciones\lib_aplicaciones.csproj", "{402131CE-5758-43F7-9503-C34786D47E89}"
EndProject
Project("{FAE04EC0-301F-11D3-BF4B-00C04F79EFBC}") = "asp_servicios", "asp_servicios\asp_servicios.csproj", "{38B03DB5-13CF-43A0-9BA1-102D3390CAEA}"
EndProject
Project("{FAE04EC0-301F-11D3-BF4B-00C04F79EFBC}") = "lib_presentaciones", "lib_presentaciones\lib_presentaciones.csproj", "{1F94E2F1-33E5-A500-8770-99E1CE2F5823}"
EndProject
Project("{FAE04EC0-301F-11D3-BF4B-00C04F79EFBC}") = "asp_presentacion", "asp_presentacion\asp_presentacion.csproj", "{5649FE44-8692-4690-BEA4-10FCC7D97373}"
EndProject
Global
	GlobalSection(SolutionConfigurationPlatforms) = preSolution
		Debug|Any CPU = Debug|Any CPU
		Release|Any CPU = Release|Any CPU
	EndGlobalSection
	GlobalSection(ProjectConfigurationPlatforms) = postSolution
		{86A8AEF4-AFDA-4DC3-831F-D35487D9932D}.Debug|Any CPU.ActiveCfg = Debug|Any CPU
		{86A8AEF4-AFDA-4DC3-831F-D35487D9932D}.Debug|Any CPU.Build.0 = Debug|Any CPU
		{86A8AEF4-AFDA-4DC3-831F-D35487D9932D}.Release|Any CPU.ActiveCfg = Release|Any CPU
		{86A8AEF4-AFDA-4DC3-831F-D35487D9932D}.Release|Any CPU.Build.0 = Release|Any CPU
		{2A46C0D4-A3E1-4BD8-8183-FD2656AC991A}.Debug|Any CPU.ActiveCfg = Debug|Any CPU
		{2A46C0D4-A3E1-4BD8-8183-FD2656AC991A}.Debug|Any CPU.Build.0 = Debug|Any CPU
		{2A46C0D4-A3E1-4BD8-8183-FD2656AC991A}.Release|Any CPU.ActiveCfg = Release|Any CPU
		{2A46C0D4-A3E1-4BD8-8183-FD2656AC991A}.Release|Any CPU.Build.0 = Release|Any CPU
		{DBAEF232-8B4A-4177-8007-1C9C39531685}.Debug|Any CPU.ActiveCfg = Debug|Any CPU
		{DBAEF232-8B4A-4177-8007-1C9C39531685}.Debug|Any CPU.Build.0 = Debug|Any CPU
		{DBAEF232-8B4A-4177-8007-1C9C39531685}.Release|Any CPU.ActiveCfg = Release|Any CPU
		{DBAEF232-8B4A-4177-8007-1C9C39531685}.Release|Any CPU.Build.0 = Release|Any CPU
		{402131CE-5758-43F7-9503-C34786D47E89}.Debug|Any CPU.ActiveCfg = Debug|Any CPU
		{402131CE-5758-43F7-9503-C34786D47E89}.Debug|Any CPU.Build.0 = Debug|Any CPU
		{402131CE-5758-43F7-9503-C34786D47E89}.Release|Any CPU.ActiveCfg = Release|Any CPU
		{402131CE-5758-43F7-9503-C34786D47E89}.Release|Any CPU.Build.0 = Release|Any CPU
		{38B03DB5-13CF-43A0-9BA1-102D3390CAEA}.Debug|Any CPU.ActiveCfg = Debug|Any CPU
		{38B03DB5-13CF-43A0-9BA1-102D3390CAEA}.Debug|Any CPU.Build.0 = Debug|Any CPU
		{38B03DB5-13CF-43A0-9BA1-102D3390CAEA}.Release|Any CPU.ActiveCfg = Release|Any CPU
		{38B03DB5-13CF-43A0-9BA1-102D3390CAEA}.Release|Any CPU.Build.0 = Release|Any CPU
		{1F94E2F1-33E5-A500-8770-99E1CE2F5823}.Debug|Any CPU.ActiveCfg = Debug|Any CPU
		{1F94E2F1-33E5-A500-8770-99E1CE2F5823}.Debug|Any CPU.Build.0 = Debug|Any CPU
		{1F94E2F1-33E5-A500-8770-99E1CE2F5823}.Release|Any CPU.ActiveCfg = Release|Any CPU
		{1F94E2F1-33E5-A500-8770-99E1CE2F5823}.Release|Any CPU.Build.0 = Release|Any CPU
		{5649FE44-8692-4690-BEA4-10FCC7D97373}.Debug|Any CPU.ActiveCfg = Debug|Any CPU
		{5649FE44-8692-4690-BEA4-10FCC7D97373}.Debug|Any CPU.Build.0 = Debug|Any CPU
		{5649FE44-8692-4690-BEA4-10FCC7D97373}.Release|Any CPU.ActiveCfg = Release|Any CPU
		{5649FE44-8692-4690-BEA4-10FCC7D97373}.Release|Any CPU.Build.0 = Release|Any CPU
	EndGlobalSection
	GlobalSection(SolutionProperties) = preSolution
		HideSolutionNode = FALSE
	EndGlobalSection
	GlobalSection(NestedProjects) = preSolution
		{86A8AEF4-AFDA-4DC3-831F-D35487D9932D} = {C01BD4A8-92BF-4119-A7D6-AAAF1535914C}
		{2A46C0D4-A3E1-4BD8-8183-FD2656AC991A} = {28CF2AD1-6264-49E6-9A86-19508B590C5F}
		{DBAEF232-8B4A-4177-8007-1C9C39531685} = {4E89DD16-64A6-4CD8-80F2-EC7899D1B4C5}
		{402131CE-5758-43F7-9503-C34786D47E89} = {28CF2AD1-6264-49E6-9A86-19508B590C5F}
		{38B03DB5-13CF-43A0-9BA1-102D3390CAEA} = {28CF2AD1-6264-49E6-9A86-19508B590C5F}
		{1F94E2F1-33E5-A500-8770-99E1CE2F5823} = {02EA681E-C7D8-13C7-8484-4AC65E1B71E8}
		{5649FE44-8692-4690-BEA4-10FCC7D97373} = {02EA681E-C7D8-13C7-8484-4AC65E1B71E8}
	EndGlobalSection
	GlobalSection(ExtensibilityGlobals) = postSolution
		SolutionGuid = {98AA3E09-9A0F-4273-BD94-49CB977A30EB}
	EndGlobalSection
EndGlobal
